
Microsoft Visual Studio Solution File, Format Version 12.00
# Visual Studio Version 17
VisualStudioVersion = 17.0.31912.275
MinimumVisualStudioVersion = 10.0.40219.1
Project("{9A19103F-16F7-4668-BE54-9A1E7A4F7556}") = "PlatformService", "PlatformService\PlatformService.csproj", "{7F96C7BC-7DB6-41DD-B090-7A69B40820DD}"
EndProject
Project("{FAE04EC0-301F-11D3-BF4B-00C04F79EFBC}") = "CommandService", "CommandService\CommandService.csproj", "{35742020-0E70-4038-A7FE-C690B045E82E}"
EndProject
Global
	GlobalSection(SolutionConfigurationPlatforms) = preSolution
		Debug|Any CPU = Debug|Any CPU
		Release|Any CPU = Release|Any CPU
	EndGlobalSection
	GlobalSection(ProjectConfigurationPlatforms) = postSolution
		{7F96C7BC-7DB6-41DD-B090-7A69B40820DD}.Debug|Any CPU.ActiveCfg = Debug|Any CPU
		{7F96C7BC-7DB6-41DD-B090-7A69B40820DD}.Debug|Any CPU.Build.0 = Debug|Any CPU
		{7F96C7BC-7DB6-41DD-B090-7A69B40820DD}.Release|Any CPU.ActiveCfg = Release|Any CPU
		{7F96C7BC-7DB6-41DD-B090-7A69B40820DD}.Release|Any CPU.Build.0 = Release|Any CPU
		{35742020-0E70-4038-A7FE-C690B045E82E}.Debug|Any CPU.ActiveCfg = Debug|Any CPU
		{35742020-0E70-4038-A7FE-C690B045E82E}.Debug|Any CPU.Build.0 = Debug|Any CPU
		{35742020-0E70-4038-A7FE-C690B045E82E}.Release|Any CPU.ActiveCfg = Release|Any CPU
		{35742020-0E70-4038-A7FE-C690B045E82E}.Release|Any CPU.Build.0 = Release|Any CPU
	EndGlobalSection
	GlobalSection(SolutionProperties) = preSolution
		HideSolutionNode = FALSE
	EndGlobalSection
	GlobalSection(ExtensibilityGlobals) = postSolution
		SolutionGuid = {B30D9D08-1999-44B3-AD13-E222C445512E}
	EndGlobalSection
EndGlobal
